
Microsoft Visual Studio Solution File, Format Version 12.00
# Visual Studio Version 17
VisualStudioVersion = 17.14.37628.2 d17.14
MinimumVisualStudioVersion = 10.0.40219.1
Project("{FAE04EC0-301F-11D3-BF4B-00C04F79EFBC}") = "SoundCoreEngine", "SoundCoreEngine\SoundCoreEngine.csproj", "{DE5753A9-99B8-46CC-9D21-C0B18602B889}"
EndProject
Global
	GlobalSection(SolutionConfigurationPlatforms) = preSolution
		Debug|Any CPU = Debug|Any CPU
		Release|Any CPU = Release|Any CPU
	EndGlobalSection
	GlobalSection(ProjectConfigurationPlatforms) = postSolution
		{DE5753A9-99B8-46CC-9D21-C0B18602B889}.Debug|Any CPU.ActiveCfg = Debug|Any CPU
		{DE5753A9-99B8-46CC-9D21-C0B18602B889}.Debug|Any CPU.Build.0 = Debug|Any CPU
		{DE5753A9-99B8-46CC-9D21-C0B18602B889}.Release|Any CPU.ActiveCfg = Release|Any CPU
		{DE5753A9-99B8-46CC-9D21-C0B18602B889}.Release|Any CPU.Build.0 = Release|Any CPU
	EndGlobalSection
	GlobalSection(SolutionProperties) = preSolution
		HideSolutionNode = FALSE
	EndGlobalSection
	GlobalSection(ExtensibilityGlobals) = postSolution
		SolutionGuid = {B28D27A2-F9AB-476C-BB1B-417EA876999C}
	EndGlobalSection
EndGlobal
